
Microsoft Visual Studio Solution File, Format Version 12.00
# Visual Studio Version 17
VisualStudioVersion = 17.13.35931.197
MinimumVisualStudioVersion = 10.0.40219.1
Project("{FAE04EC0-301F-11D3-BF4B-00C04F79EFBC}") = "CAPFIS", "CAPFIS\CAPFIS.csproj", "{B323BB13-1455-4955-A0E0-FA47F6418982}"
EndProject
Global
	GlobalSection(SolutionConfigurationPlatforms) = preSolution
		Debug|Any CPU = Debug|Any CPU
		Release|Any CPU = Release|Any CPU
	EndGlobalSection
	GlobalSection(ProjectConfigurationPlatforms) = postSolution
		{B323BB13-1455-4955-A0E0-FA47F6418982}.Debug|Any CPU.ActiveCfg = Debug|Any CPU
		{B323BB13-1455-4955-A0E0-FA47F6418982}.Debug|Any CPU.Build.0 = Debug|Any CPU
		{B323BB13-1455-4955-A0E0-FA47F6418982}.Release|Any CPU.ActiveCfg = Release|Any CPU
		{B323BB13-1455-4955-A0E0-FA47F6418982}.Release|Any CPU.Build.0 = Release|Any CPU
	EndGlobalSection
	GlobalSection(SolutionProperties) = preSolution
		HideSolutionNode = FALSE
	EndGlobalSection
	GlobalSection(ExtensibilityGlobals) = postSolution
		SolutionGuid = {2EA93E29-5A15-45FE-A5C2-31D22863D8AB}
	EndGlobalSection
EndGlobal
